
Microsoft Visual Studio Solution File, Format Version 12.00
# Visual Studio Version 16
VisualStudioVersion = 16.0.29709.97
MinimumVisualStudioVersion = 10.0.40219.1
Project("{8BC9CEB8-8B4A-11D0-8D11-00A0C91BC942}") = "SumavV", "SumavV.vcxproj", "{5844D170-7518-40B1-82DC-4E0652BAFAC7}"
EndProject
Global
	GlobalSection(SolutionConfigurationPlatforms) = preSolution
		Debug|x64 = Debug|x64
		Debug|x86 = Debug|x86
		Release|x64 = Release|x64
		Release|x86 = Release|x86
	EndGlobalSection
	GlobalSection(ProjectConfigurationPlatforms) = postSolution
		{5844D170-7518-40B1-82DC-4E0652BAFAC7}.Debug|x64.ActiveCfg = Debug|x64
		{5844D170-7518-40B1-82DC-4E0652BAFAC7}.Debug|x64.Build.0 = Debug|x64
		{5844D170-7518-40B1-82DC-4E0652BAFAC7}.Debug|x86.ActiveCfg = Debug|x64
		{5844D170-7518-40B1-82DC-4E0652BAFAC7}.Debug|x86.Build.0 = Debug|x64
		{5844D170-7518-40B1-82DC-4E0652BAFAC7}.Release|x64.ActiveCfg = Release|x64
		{5844D170-7518-40B1-82DC-4E0652BAFAC7}.Release|x64.Build.0 = Release|x64
		{5844D170-7518-40B1-82DC-4E0652BAFAC7}.Release|x86.ActiveCfg = Release|Win32
		{5844D170-7518-40B1-82DC-4E0652BAFAC7}.Release|x86.Build.0 = Release|Win32
	EndGlobalSection
	GlobalSection(SolutionProperties) = preSolution
		HideSolutionNode = FALSE
	EndGlobalSection
	GlobalSection(ExtensibilityGlobals) = postSolution
		SolutionGuid = {36FF9E1B-8730-457A-8E11-00F729D0BA97}
	EndGlobalSection
EndGlobal
